
Microsoft Visual Studio Solution File, Format Version 12.00
# Visual Studio Version 17
VisualStudioVersion = 17.0.31903.59
MinimumVisualStudioVersion = 10.0.40219.1
Project("{FAE04EC0-301F-11D3-BF4B-00C04F79EFBC}") = "StackOverflow.Web", "src\StackOverflow.Web\StackOverflow.Web.csproj", "{02F1E7AC-E94C-4A83-8D6B-16F45E5BBB1D}"
EndProject
Project("{FAE04EC0-301F-11D3-BF4B-00C04F79EFBC}") = "StackOverflow.BL", "src\StackOverflow.BL\StackOverflow.BL.csproj", "{728CB2FC-F540-4329-8C15-3B4A7CCC2BA2}"
EndProject
Project("{FAE04EC0-301F-11D3-BF4B-00C04F79EFBC}") = "StackOverflow.DAL", "src\StackOverflow.DAL\StackOverflow.DAL.csproj", "{D40AEFC9-5718-4B16-ACFB-DFE97DC51364}"
EndProject
Global
	GlobalSection(SolutionConfigurationPlatforms) = preSolution
		Debug|Any CPU = Debug|Any CPU
		Release|Any CPU = Release|Any CPU
	EndGlobalSection
	GlobalSection(ProjectConfigurationPlatforms) = postSolution
		{02F1E7AC-E94C-4A83-8D6B-16F45E5BBB1D}.Debug|Any CPU.ActiveCfg = Debug|Any CPU
		{02F1E7AC-E94C-4A83-8D6B-16F45E5BBB1D}.Debug|Any CPU.Build.0 = Debug|Any CPU
		{02F1E7AC-E94C-4A83-8D6B-16F45E5BBB1D}.Release|Any CPU.ActiveCfg = Release|Any CPU
		{02F1E7AC-E94C-4A83-8D6B-16F45E5BBB1D}.Release|Any CPU.Build.0 = Release|Any CPU
		{728CB2FC-F540-4329-8C15-3B4A7CCC2BA2}.Debug|Any CPU.ActiveCfg = Debug|Any CPU
		{728CB2FC-F540-4329-8C15-3B4A7CCC2BA2}.Debug|Any CPU.Build.0 = Debug|Any CPU
		{728CB2FC-F540-4329-8C15-3B4A7CCC2BA2}.Release|Any CPU.ActiveCfg = Release|Any CPU
		{728CB2FC-F540-4329-8C15-3B4A7CCC2BA2}.Release|Any CPU.Build.0 = Release|Any CPU
		{D40AEFC9-5718-4B16-ACFB-DFE97DC51364}.Debug|Any CPU.ActiveCfg = Debug|Any CPU
		{D40AEFC9-5718-4B16-ACFB-DFE97DC51364}.Debug|Any CPU.Build.0 = Debug|Any CPU
		{D40AEFC9-5718-4B16-ACFB-DFE97DC51364}.Release|Any CPU.ActiveCfg = Release|Any CPU
		{D40AEFC9-5718-4B16-ACFB-DFE97DC51364}.Release|Any CPU.Build.0 = Release|Any CPU
	EndGlobalSection
	GlobalSection(SolutionProperties) = preSolution
		HideSolutionNode = FALSE
	EndGlobalSection
	GlobalSection(ExtensibilityGlobals) = postSolution
		SolutionGuid = {1FDBEEBD-85C1-4FE2-9FD8-B067C41305CB}
	EndGlobalSection
EndGlobal
